
Microsoft Visual Studio Solution File, Format Version 12.00
# Visual Studio Version 17
VisualStudioVersion = 17.8.34309.116
MinimumVisualStudioVersion = 10.0.40219.1
Project("{9A19103F-16F7-4668-BE54-9A1E7A4F7556}") = "StudentCourseAPI", "StudentCourseAPI.csproj", "{D28475E8-57DD-41B9-BC50-75EFBD4BAA9F}"
EndProject
Project("{FAE04EC0-301F-11D3-BF4B-00C04F79EFBC}") = "StudentCourseAPI.Services", "..\StudentCourseAPI.Services\StudentCourseAPI.Services.csproj", "{8978951B-7FBD-4CDC-B5A2-7285B758BBB5}"
EndProject
Project("{FAE04EC0-301F-11D3-BF4B-00C04F79EFBC}") = "StudentCourseAPI.Data", "..\StudentCourseAPI.Data\StudentCourseAPI.Data.csproj", "{9CAB5270-1E0C-49C2-B0F0-BDF35E5358C4}"
EndProject
Global
	GlobalSection(SolutionConfigurationPlatforms) = preSolution
		Debug|Any CPU = Debug|Any CPU
		Release|Any CPU = Release|Any CPU
	EndGlobalSection
	GlobalSection(ProjectConfigurationPlatforms) = postSolution
		{D28475E8-57DD-41B9-BC50-75EFBD4BAA9F}.Debug|Any CPU.ActiveCfg = Debug|Any CPU
		{D28475E8-57DD-41B9-BC50-75EFBD4BAA9F}.Debug|Any CPU.Build.0 = Debug|Any CPU
		{D28475E8-57DD-41B9-BC50-75EFBD4BAA9F}.Release|Any CPU.ActiveCfg = Release|Any CPU
		{D28475E8-57DD-41B9-BC50-75EFBD4BAA9F}.Release|Any CPU.Build.0 = Release|Any CPU
		{8978951B-7FBD-4CDC-B5A2-7285B758BBB5}.Debug|Any CPU.ActiveCfg = Debug|Any CPU
		{8978951B-7FBD-4CDC-B5A2-7285B758BBB5}.Debug|Any CPU.Build.0 = Debug|Any CPU
		{8978951B-7FBD-4CDC-B5A2-7285B758BBB5}.Release|Any CPU.ActiveCfg = Release|Any CPU
		{8978951B-7FBD-4CDC-B5A2-7285B758BBB5}.Release|Any CPU.Build.0 = Release|Any CPU
		{9CAB5270-1E0C-49C2-B0F0-BDF35E5358C4}.Debug|Any CPU.ActiveCfg = Debug|Any CPU
		{9CAB5270-1E0C-49C2-B0F0-BDF35E5358C4}.Debug|Any CPU.Build.0 = Debug|Any CPU
		{9CAB5270-1E0C-49C2-B0F0-BDF35E5358C4}.Release|Any CPU.ActiveCfg = Release|Any CPU
		{9CAB5270-1E0C-49C2-B0F0-BDF35E5358C4}.Release|Any CPU.Build.0 = Release|Any CPU
	EndGlobalSection
	GlobalSection(SolutionProperties) = preSolution
		HideSolutionNode = FALSE
	EndGlobalSection
	GlobalSection(ExtensibilityGlobals) = postSolution
		SolutionGuid = {07358DE2-A06A-4D61-932C-16791AFB3DA8}
	EndGlobalSection
EndGlobal
